{
  "name": "ts-parsec",
  "version": "1.0.0",
  "lockfileVersion": 1,
  "requires": true,
  "dependencies": {
    "@types/node": {
      "version": "14.6.4",
      "resolved": "http://registry.steam.crcloud.com/artifactory/api/npm/crcsoft-cloud-paas-npm-virtual/@types/node/download/@types/node-14.6.4.tgz",
      "integrity": "sha1-oUXMC7FO+cR3c2G3u6+lz446y1o="
    },
    "jsbi": {
      "version": "3.1.4",
      "resolved": "https://registry.npm.taobao.org/jsbi/download/jsbi-3.1.4.tgz",
      "integrity": "sha1-llTdAiB6ZqSRG05Lt0JlvCy8ndA="
    }
  }
}
